<?xml version="1.0" encoding="utf-8"?>
<Project ToolsVersion="4.0" xmlns="http://schemas.microsoft.com/developer/msbuild/2003">
  <ItemGroup>
    <Filter Include="Seed">
      <UniqueIdentifier>{064E8C7C-F284-8D0D-9B71-73108787090F}</UniqueIdentifier>
    </Filter>
    <Filter Include="Seed\Events">
      <UniqueIdentifier>{2A37E9CA-96EC-61C0-1FE1-5B978B9558C4}</UniqueIdentifier>
    </Filter>
  </ItemGroup>
  <ItemGroup>
    <ClInclude Include="src\Seed.h" />
    <ClInclude Include="src\Seed\Application.h">
      <Filter>Seed</Filter>
    </ClInclude>
    <ClInclude Include="src\Seed\Core.h">
      <Filter>Seed</Filter>
    </ClInclude>
    <ClInclude Include="src\Seed\EntryPoint.h">
      <Filter>Seed</Filter>
    </ClInclude>
    <ClInclude Include="src\Seed\Events\ApplicationEvent.h">
      <Filter>Seed\Events</Filter>
    </ClInclude>
    <ClInclude Include="src\Seed\Events\Event.h">
      <Filter>Seed\Events</Filter>
    </ClInclude>
    <ClInclude Include="src\Seed\Events\KeyEvent.h">
      <Filter>Seed\Events</Filter>
    </ClInclude>
    <ClInclude Include="src\Seed\Events\MouseEvent.h">
      <Filter>Seed\Events</Filter>
    </ClInclude>
    <ClInclude Include="src\Seed\Log.h">
      <Filter>Seed</Filter>
    </ClInclude>
  </ItemGroup>
  <ItemGroup>
    <ClCompile Include="src\Seed\Application.cpp">
      <Filter>Seed</Filter>
    </ClCompile>
    <ClCompile Include="src\Seed\Log.cpp">
      <Filter>Seed</Filter>
    </ClCompile>
  </ItemGroup>
</Project>